
Microsoft Visual Studio Solution File, Format Version 12.00
# Visual Studio Version 17
VisualStudioVersion = 17.1.32319.34
MinimumVisualStudioVersion = 10.0.40219.1
Project("{2150E333-8FDC-42A3-9474-1A3956D46DE8}") = "Server", "Server", "{BAB9F658-2503-4FFB-9DE3-4A8D4F6E0DE5}"
EndProject
Project("{2150E333-8FDC-42A3-9474-1A3956D46DE8}") = "Unity", "Unity", "{2FA3B954-E841-4C9A-9775-5D581887AD81}"
EndProject
Project("{2150E333-8FDC-42A3-9474-1A3956D46DE8}") = "Tools", "Tools", "{1AECF59E-CC28-4B18-942F-3B95B58FD865}"
EndProject
Project("{FAE04EC0-301F-11D3-BF4B-00C04F79EFBC}") = "Unity.Boot", "..\..\..\Unity.Boot.csproj", "{DE5ABBAA-D4FF-70D4-8FFD-8393D1AA5585}"
EndProject
Project("{FAE04EC0-301F-11D3-BF4B-00C04F79EFBC}") = "Unity.Hotfix.Core", "..\..\..\Unity.Hotfix.Core.csproj", "{27DA2095-417D-0B2E-9C96-FD24C115168C}"
EndProject
Project("{FAE04EC0-301F-11D3-BF4B-00C04F79EFBC}") = "Unity.Hotfix.Data", "..\..\..\Unity.Hotfix.Data.csproj", "{F4E74EF0-B1CA-196F-6989-0D9DEBC9D892}"
EndProject
Project("{FAE04EC0-301F-11D3-BF4B-00C04F79EFBC}") = "Unity.Hotfix.Func", "..\..\..\Unity.Hotfix.Func.csproj", "{517D5608-260A-6C95-326E-5703D0D032DD}"
EndProject
Project("{FAE04EC0-301F-11D3-BF4B-00C04F79EFBC}") = "Unity.Hotfix.View", "..\..\..\Unity.Hotfix.View.csproj", "{ACA01E2A-63D5-3AEB-7D27-113580821902}"
EndProject
Project("{FAE04EC0-301F-11D3-BF4B-00C04F79EFBC}") = "Unity.Package.Runtime", "..\..\..\Unity.Package.Runtime.csproj", "{B3C1F0AB-0638-955B-0AF8-75E16AF31CC7}"
EndProject
Project("{FAE04EC0-301F-11D3-BF4B-00C04F79EFBC}") = "Unity.Package.Editor", "..\..\..\Unity.Package.Editor.csproj", "{8A0EA6FE-3E91-1C84-92DC-72FF9103562B}"
EndProject
Project("{9A19103F-16F7-4668-BE54-9A1E7A4F7556}") = "Server.Boot", "Boot\Server.Boot.csproj", "{4601A1F7-8981-428C-BA1E-9766263E0E41}"
	ProjectSection(ProjectDependencies) = postProject
		{6D677FD7-EBF5-4C44-8DC5-E4990664ED8D} = {6D677FD7-EBF5-4C44-8DC5-E4990664ED8D}
	EndProjectSection
EndProject
Project("{9A19103F-16F7-4668-BE54-9A1E7A4F7556}") = "Server.Core", "Core\Server.Core.csproj", "{6D677FD7-EBF5-4C44-8DC5-E4990664ED8D}"
EndProject
Project("{9A19103F-16F7-4668-BE54-9A1E7A4F7556}") = "Server.Data", "Data\Server.Data.csproj", "{BB864A08-19A1-44BB-9273-E4B75C03CC99}"
	ProjectSection(ProjectDependencies) = postProject
		{6D677FD7-EBF5-4C44-8DC5-E4990664ED8D} = {6D677FD7-EBF5-4C44-8DC5-E4990664ED8D}
	EndProjectSection
EndProject
Project("{9A19103F-16F7-4668-BE54-9A1E7A4F7556}") = "Server.Func", "Func\Server.Func.csproj", "{44EE06D7-5D18-4318-AB4C-452DA54943F1}"
	ProjectSection(ProjectDependencies) = postProject
		{6D677FD7-EBF5-4C44-8DC5-E4990664ED8D} = {6D677FD7-EBF5-4C44-8DC5-E4990664ED8D}
		{BB864A08-19A1-44BB-9273-E4B75C03CC99} = {BB864A08-19A1-44BB-9273-E4B75C03CC99}
	EndProjectSection
EndProject
Project("{9A19103F-16F7-4668-BE54-9A1E7A4F7556}") = "Server.Packages", "Packages\Server.Packages.csproj", "{C29906AF-220F-4671-9065-424A0E710A98}"
EndProject
Project("{FAE04EC0-301F-11D3-BF4B-00C04F79EFBC}") = "Assembly-CSharp", "..\..\..\Assembly-CSharp.csproj", "{D84ABCF2-510F-609B-A107-F830533EF12F}"
EndProject
Global
	GlobalSection(SolutionConfigurationPlatforms) = preSolution
		Debug|Any CPU = Debug|Any CPU
		Release|Any CPU = Release|Any CPU
	EndGlobalSection
	GlobalSection(ProjectConfigurationPlatforms) = postSolution
		{DE5ABBAA-D4FF-70D4-8FFD-8393D1AA5585}.Debug|Any CPU.ActiveCfg = Debug|Any CPU
		{DE5ABBAA-D4FF-70D4-8FFD-8393D1AA5585}.Debug|Any CPU.Build.0 = Debug|Any CPU
		{DE5ABBAA-D4FF-70D4-8FFD-8393D1AA5585}.Release|Any CPU.ActiveCfg = Release|Any CPU
		{DE5ABBAA-D4FF-70D4-8FFD-8393D1AA5585}.Release|Any CPU.Build.0 = Release|Any CPU
		{27DA2095-417D-0B2E-9C96-FD24C115168C}.Debug|Any CPU.ActiveCfg = Debug|Any CPU
		{27DA2095-417D-0B2E-9C96-FD24C115168C}.Debug|Any CPU.Build.0 = Debug|Any CPU
		{27DA2095-417D-0B2E-9C96-FD24C115168C}.Release|Any CPU.ActiveCfg = Release|Any CPU
		{27DA2095-417D-0B2E-9C96-FD24C115168C}.Release|Any CPU.Build.0 = Release|Any CPU
		{F4E74EF0-B1CA-196F-6989-0D9DEBC9D892}.Debug|Any CPU.ActiveCfg = Debug|Any CPU
		{F4E74EF0-B1CA-196F-6989-0D9DEBC9D892}.Debug|Any CPU.Build.0 = Debug|Any CPU
		{F4E74EF0-B1CA-196F-6989-0D9DEBC9D892}.Release|Any CPU.ActiveCfg = Release|Any CPU
		{F4E74EF0-B1CA-196F-6989-0D9DEBC9D892}.Release|Any CPU.Build.0 = Release|Any CPU
		{517D5608-260A-6C95-326E-5703D0D032DD}.Debug|Any CPU.ActiveCfg = Debug|Any CPU
		{517D5608-260A-6C95-326E-5703D0D032DD}.Debug|Any CPU.Build.0 = Debug|Any CPU
		{517D5608-260A-6C95-326E-5703D0D032DD}.Release|Any CPU.ActiveCfg = Release|Any CPU
		{517D5608-260A-6C95-326E-5703D0D032DD}.Release|Any CPU.Build.0 = Release|Any CPU
		{ACA01E2A-63D5-3AEB-7D27-113580821902}.Debug|Any CPU.ActiveCfg = Debug|Any CPU
		{ACA01E2A-63D5-3AEB-7D27-113580821902}.Debug|Any CPU.Build.0 = Debug|Any CPU
		{ACA01E2A-63D5-3AEB-7D27-113580821902}.Release|Any CPU.ActiveCfg = Release|Any CPU
		{ACA01E2A-63D5-3AEB-7D27-113580821902}.Release|Any CPU.Build.0 = Release|Any CPU
		{B3C1F0AB-0638-955B-0AF8-75E16AF31CC7}.Debug|Any CPU.ActiveCfg = Debug|Any CPU
		{B3C1F0AB-0638-955B-0AF8-75E16AF31CC7}.Debug|Any CPU.Build.0 = Debug|Any CPU
		{B3C1F0AB-0638-955B-0AF8-75E16AF31CC7}.Release|Any CPU.ActiveCfg = Release|Any CPU
		{B3C1F0AB-0638-955B-0AF8-75E16AF31CC7}.Release|Any CPU.Build.0 = Release|Any CPU
		{8A0EA6FE-3E91-1C84-92DC-72FF9103562B}.Debug|Any CPU.ActiveCfg = Debug|Any CPU
		{8A0EA6FE-3E91-1C84-92DC-72FF9103562B}.Debug|Any CPU.Build.0 = Debug|Any CPU
		{8A0EA6FE-3E91-1C84-92DC-72FF9103562B}.Release|Any CPU.ActiveCfg = Release|Any CPU
		{8A0EA6FE-3E91-1C84-92DC-72FF9103562B}.Release|Any CPU.Build.0 = Release|Any CPU
		{4601A1F7-8981-428C-BA1E-9766263E0E41}.Debug|Any CPU.ActiveCfg = Debug|Any CPU
		{4601A1F7-8981-428C-BA1E-9766263E0E41}.Debug|Any CPU.Build.0 = Debug|Any CPU
		{4601A1F7-8981-428C-BA1E-9766263E0E41}.Release|Any CPU.ActiveCfg = Release|Any CPU
		{4601A1F7-8981-428C-BA1E-9766263E0E41}.Release|Any CPU.Build.0 = Release|Any CPU
		{6D677FD7-EBF5-4C44-8DC5-E4990664ED8D}.Debug|Any CPU.ActiveCfg = Debug|Any CPU
		{6D677FD7-EBF5-4C44-8DC5-E4990664ED8D}.Debug|Any CPU.Build.0 = Debug|Any CPU
		{6D677FD7-EBF5-4C44-8DC5-E4990664ED8D}.Release|Any CPU.ActiveCfg = Release|Any CPU
		{6D677FD7-EBF5-4C44-8DC5-E4990664ED8D}.Release|Any CPU.Build.0 = Release|Any CPU
		{BB864A08-19A1-44BB-9273-E4B75C03CC99}.Debug|Any CPU.ActiveCfg = Debug|Any CPU
		{BB864A08-19A1-44BB-9273-E4B75C03CC99}.Debug|Any CPU.Build.0 = Debug|Any CPU
		{BB864A08-19A1-44BB-9273-E4B75C03CC99}.Release|Any CPU.ActiveCfg = Release|Any CPU
		{BB864A08-19A1-44BB-9273-E4B75C03CC99}.Release|Any CPU.Build.0 = Release|Any CPU
		{44EE06D7-5D18-4318-AB4C-452DA54943F1}.Debug|Any CPU.ActiveCfg = Debug|Any CPU
		{44EE06D7-5D18-4318-AB4C-452DA54943F1}.Debug|Any CPU.Build.0 = Debug|Any CPU
		{44EE06D7-5D18-4318-AB4C-452DA54943F1}.Release|Any CPU.ActiveCfg = Release|Any CPU
		{44EE06D7-5D18-4318-AB4C-452DA54943F1}.Release|Any CPU.Build.0 = Release|Any CPU
		{C29906AF-220F-4671-9065-424A0E710A98}.Debug|Any CPU.ActiveCfg = Debug|Any CPU
		{C29906AF-220F-4671-9065-424A0E710A98}.Debug|Any CPU.Build.0 = Debug|Any CPU
		{C29906AF-220F-4671-9065-424A0E710A98}.Release|Any CPU.ActiveCfg = Release|Any CPU
		{C29906AF-220F-4671-9065-424A0E710A98}.Release|Any CPU.Build.0 = Release|Any CPU
		{D84ABCF2-510F-609B-A107-F830533EF12F}.Debug|Any CPU.ActiveCfg = Debug|Any CPU
		{D84ABCF2-510F-609B-A107-F830533EF12F}.Debug|Any CPU.Build.0 = Debug|Any CPU
		{D84ABCF2-510F-609B-A107-F830533EF12F}.Release|Any CPU.ActiveCfg = Release|Any CPU
		{D84ABCF2-510F-609B-A107-F830533EF12F}.Release|Any CPU.Build.0 = Release|Any CPU
	EndGlobalSection
	GlobalSection(SolutionProperties) = preSolution
		HideSolutionNode = FALSE
	EndGlobalSection
	GlobalSection(NestedProjects) = preSolution
		{DE5ABBAA-D4FF-70D4-8FFD-8393D1AA5585} = {2FA3B954-E841-4C9A-9775-5D581887AD81}
		{27DA2095-417D-0B2E-9C96-FD24C115168C} = {2FA3B954-E841-4C9A-9775-5D581887AD81}
		{F4E74EF0-B1CA-196F-6989-0D9DEBC9D892} = {2FA3B954-E841-4C9A-9775-5D581887AD81}
		{517D5608-260A-6C95-326E-5703D0D032DD} = {2FA3B954-E841-4C9A-9775-5D581887AD81}
		{ACA01E2A-63D5-3AEB-7D27-113580821902} = {2FA3B954-E841-4C9A-9775-5D581887AD81}
		{B3C1F0AB-0638-955B-0AF8-75E16AF31CC7} = {2FA3B954-E841-4C9A-9775-5D581887AD81}
		{8A0EA6FE-3E91-1C84-92DC-72FF9103562B} = {2FA3B954-E841-4C9A-9775-5D581887AD81}
		{4601A1F7-8981-428C-BA1E-9766263E0E41} = {BAB9F658-2503-4FFB-9DE3-4A8D4F6E0DE5}
		{6D677FD7-EBF5-4C44-8DC5-E4990664ED8D} = {BAB9F658-2503-4FFB-9DE3-4A8D4F6E0DE5}
		{BB864A08-19A1-44BB-9273-E4B75C03CC99} = {BAB9F658-2503-4FFB-9DE3-4A8D4F6E0DE5}
		{44EE06D7-5D18-4318-AB4C-452DA54943F1} = {BAB9F658-2503-4FFB-9DE3-4A8D4F6E0DE5}
		{C29906AF-220F-4671-9065-424A0E710A98} = {BAB9F658-2503-4FFB-9DE3-4A8D4F6E0DE5}
		{D84ABCF2-510F-609B-A107-F830533EF12F} = {2FA3B954-E841-4C9A-9775-5D581887AD81}
	EndGlobalSection
	GlobalSection(ExtensibilityGlobals) = postSolution
		SolutionGuid = {AF5FDDBB-6B37-42C9-BBC9-8D520F7ECE85}
	EndGlobalSection
EndGlobal
