
Microsoft Visual Studio Solution File, Format Version 12.00
# Visual Studio Version 17
VisualStudioVersion = 17.1.32319.34
MinimumVisualStudioVersion = 10.0.40219.1
Project("{2150E333-8FDC-42A3-9474-1A3956D46DE8}") = "Server", "Server", "{BAB9F658-2503-4FFB-9DE3-4A8D4F6E0DE5}"
EndProject
Project("{2150E333-8FDC-42A3-9474-1A3956D46DE8}") = "Unity", "Unity", "{2FA3B954-E841-4C9A-9775-5D581887AD81}"
EndProject
Project("{2150E333-8FDC-42A3-9474-1A3956D46DE8}") = "Tools", "Tools", "{1AECF59E-CC28-4B18-942F-3B95B58FD865}"
EndProject
Project("{FAE04EC0-301F-11D3-BF4B-00C04F79EFBC}") = "Unity.Assembly.Boot", "..\..\..\Unity.Assembly.Boot.csproj", "{E7ECA2B6-BC35-61D1-EC47-8655F3F3741C}"
EndProject
Project("{FAE04EC0-301F-11D3-BF4B-00C04F79EFBC}") = "Unity.Assembly.Core", "..\..\..\Unity.Assembly.Core.csproj", "{456489C2-E34B-AC58-9F6B-3F60187C4A7C}"
EndProject
Project("{FAE04EC0-301F-11D3-BF4B-00C04F79EFBC}") = "Unity.Assembly.Data", "..\..\..\Unity.Assembly.Data.csproj", "{B325D85A-D3C2-1F03-4424-29C6420DE565}"
EndProject
Project("{FAE04EC0-301F-11D3-BF4B-00C04F79EFBC}") = "Unity.Assembly.Func", "..\..\..\Unity.Assembly.Func.csproj", "{91D41F4F-C774-13C2-C57A-C68194649836}"
EndProject
Project("{FAE04EC0-301F-11D3-BF4B-00C04F79EFBC}") = "Unity.Assembly.View", "..\..\..\Unity.Assembly.View.csproj", "{F58EF478-2727-0108-8F00-5709514722E2}"
EndProject
Project("{FAE04EC0-301F-11D3-BF4B-00C04F79EFBC}") = "Unity.Package.Runtime", "..\..\..\Unity.Package.Runtime.csproj", "{A374B7E9-A210-9651-A65D-221AF4713360}"
EndProject
Project("{FAE04EC0-301F-11D3-BF4B-00C04F79EFBC}") = "Unity.Package.Editor", "..\..\..\Unity.Package.Editor.csproj", "{E0553A1E-8DCC-1549-7C83-280857E9D874}"
EndProject
Project("{9A19103F-16F7-4668-BE54-9A1E7A4F7556}") = "Server.Boot", "Boot\Server.Boot.csproj", "{4601A1F7-8981-428C-BA1E-9766263E0E41}"
EndProject
Project("{9A19103F-16F7-4668-BE54-9A1E7A4F7556}") = "Server.Core", "Core\Server.Core.csproj", "{6D677FD7-EBF5-4C44-8DC5-E4990664ED8D}"
EndProject
Project("{9A19103F-16F7-4668-BE54-9A1E7A4F7556}") = "Server.Data", "Data\Server.Data.csproj", "{BB864A08-19A1-44BB-9273-E4B75C03CC99}"
	ProjectSection(ProjectDependencies) = postProject
		{6D677FD7-EBF5-4C44-8DC5-E4990664ED8D} = {6D677FD7-EBF5-4C44-8DC5-E4990664ED8D}
	EndProjectSection
EndProject
Project("{9A19103F-16F7-4668-BE54-9A1E7A4F7556}") = "Server.Func", "Func\Server.Func.csproj", "{44EE06D7-5D18-4318-AB4C-452DA54943F1}"
	ProjectSection(ProjectDependencies) = postProject
		{6D677FD7-EBF5-4C44-8DC5-E4990664ED8D} = {6D677FD7-EBF5-4C44-8DC5-E4990664ED8D}
		{BB864A08-19A1-44BB-9273-E4B75C03CC99} = {BB864A08-19A1-44BB-9273-E4B75C03CC99}
	EndProjectSection
EndProject
Project("{9A19103F-16F7-4668-BE54-9A1E7A4F7556}") = "Server.Packages", "Packages\Server.Packages.csproj", "{C29906AF-220F-4671-9065-424A0E710A98}"
EndProject
Project("{FAE04EC0-301F-11D3-BF4B-00C04F79EFBC}") = "Assembly-CSharp", "..\..\..\Assembly-CSharp.csproj", "{E348C7FF-FEA1-320D-C54C-83DB78CD72AE}"
EndProject
Global
	GlobalSection(SolutionConfigurationPlatforms) = preSolution
		Debug|Any CPU = Debug|Any CPU
		Release|Any CPU = Release|Any CPU
	EndGlobalSection
	GlobalSection(ProjectConfigurationPlatforms) = postSolution
		{E7ECA2B6-BC35-61D1-EC47-8655F3F3741C}.Debug|Any CPU.ActiveCfg = Debug|Any CPU
		{E7ECA2B6-BC35-61D1-EC47-8655F3F3741C}.Debug|Any CPU.Build.0 = Debug|Any CPU
		{E7ECA2B6-BC35-61D1-EC47-8655F3F3741C}.Release|Any CPU.ActiveCfg = Release|Any CPU
		{E7ECA2B6-BC35-61D1-EC47-8655F3F3741C}.Release|Any CPU.Build.0 = Release|Any CPU
		{456489C2-E34B-AC58-9F6B-3F60187C4A7C}.Debug|Any CPU.ActiveCfg = Debug|Any CPU
		{456489C2-E34B-AC58-9F6B-3F60187C4A7C}.Debug|Any CPU.Build.0 = Debug|Any CPU
		{456489C2-E34B-AC58-9F6B-3F60187C4A7C}.Release|Any CPU.ActiveCfg = Release|Any CPU
		{456489C2-E34B-AC58-9F6B-3F60187C4A7C}.Release|Any CPU.Build.0 = Release|Any CPU
		{B325D85A-D3C2-1F03-4424-29C6420DE565}.Debug|Any CPU.ActiveCfg = Debug|Any CPU
		{B325D85A-D3C2-1F03-4424-29C6420DE565}.Debug|Any CPU.Build.0 = Debug|Any CPU
		{B325D85A-D3C2-1F03-4424-29C6420DE565}.Release|Any CPU.ActiveCfg = Release|Any CPU
		{B325D85A-D3C2-1F03-4424-29C6420DE565}.Release|Any CPU.Build.0 = Release|Any CPU
		{91D41F4F-C774-13C2-C57A-C68194649836}.Debug|Any CPU.ActiveCfg = Debug|Any CPU
		{91D41F4F-C774-13C2-C57A-C68194649836}.Debug|Any CPU.Build.0 = Debug|Any CPU
		{91D41F4F-C774-13C2-C57A-C68194649836}.Release|Any CPU.ActiveCfg = Release|Any CPU
		{91D41F4F-C774-13C2-C57A-C68194649836}.Release|Any CPU.Build.0 = Release|Any CPU
		{F58EF478-2727-0108-8F00-5709514722E2}.Debug|Any CPU.ActiveCfg = Debug|Any CPU
		{F58EF478-2727-0108-8F00-5709514722E2}.Debug|Any CPU.Build.0 = Debug|Any CPU
		{F58EF478-2727-0108-8F00-5709514722E2}.Release|Any CPU.ActiveCfg = Release|Any CPU
		{F58EF478-2727-0108-8F00-5709514722E2}.Release|Any CPU.Build.0 = Release|Any CPU
		{A374B7E9-A210-9651-A65D-221AF4713360}.Debug|Any CPU.ActiveCfg = Debug|Any CPU
		{A374B7E9-A210-9651-A65D-221AF4713360}.Debug|Any CPU.Build.0 = Debug|Any CPU
		{A374B7E9-A210-9651-A65D-221AF4713360}.Release|Any CPU.ActiveCfg = Release|Any CPU
		{A374B7E9-A210-9651-A65D-221AF4713360}.Release|Any CPU.Build.0 = Release|Any CPU
		{E0553A1E-8DCC-1549-7C83-280857E9D874}.Debug|Any CPU.ActiveCfg = Debug|Any CPU
		{E0553A1E-8DCC-1549-7C83-280857E9D874}.Debug|Any CPU.Build.0 = Debug|Any CPU
		{E0553A1E-8DCC-1549-7C83-280857E9D874}.Release|Any CPU.ActiveCfg = Release|Any CPU
		{E0553A1E-8DCC-1549-7C83-280857E9D874}.Release|Any CPU.Build.0 = Release|Any CPU
		{4601A1F7-8981-428C-BA1E-9766263E0E41}.Debug|Any CPU.ActiveCfg = Debug|Any CPU
		{4601A1F7-8981-428C-BA1E-9766263E0E41}.Debug|Any CPU.Build.0 = Debug|Any CPU
		{4601A1F7-8981-428C-BA1E-9766263E0E41}.Release|Any CPU.ActiveCfg = Release|Any CPU
		{4601A1F7-8981-428C-BA1E-9766263E0E41}.Release|Any CPU.Build.0 = Release|Any CPU
		{6D677FD7-EBF5-4C44-8DC5-E4990664ED8D}.Debug|Any CPU.ActiveCfg = Debug|Any CPU
		{6D677FD7-EBF5-4C44-8DC5-E4990664ED8D}.Debug|Any CPU.Build.0 = Debug|Any CPU
		{6D677FD7-EBF5-4C44-8DC5-E4990664ED8D}.Release|Any CPU.ActiveCfg = Release|Any CPU
		{6D677FD7-EBF5-4C44-8DC5-E4990664ED8D}.Release|Any CPU.Build.0 = Release|Any CPU
		{BB864A08-19A1-44BB-9273-E4B75C03CC99}.Debug|Any CPU.ActiveCfg = Debug|Any CPU
		{BB864A08-19A1-44BB-9273-E4B75C03CC99}.Debug|Any CPU.Build.0 = Debug|Any CPU
		{BB864A08-19A1-44BB-9273-E4B75C03CC99}.Release|Any CPU.ActiveCfg = Release|Any CPU
		{BB864A08-19A1-44BB-9273-E4B75C03CC99}.Release|Any CPU.Build.0 = Release|Any CPU
		{44EE06D7-5D18-4318-AB4C-452DA54943F1}.Debug|Any CPU.ActiveCfg = Debug|Any CPU
		{44EE06D7-5D18-4318-AB4C-452DA54943F1}.Debug|Any CPU.Build.0 = Debug|Any CPU
		{44EE06D7-5D18-4318-AB4C-452DA54943F1}.Release|Any CPU.ActiveCfg = Release|Any CPU
		{44EE06D7-5D18-4318-AB4C-452DA54943F1}.Release|Any CPU.Build.0 = Release|Any CPU
		{C29906AF-220F-4671-9065-424A0E710A98}.Debug|Any CPU.ActiveCfg = Debug|Any CPU
		{C29906AF-220F-4671-9065-424A0E710A98}.Debug|Any CPU.Build.0 = Debug|Any CPU
		{C29906AF-220F-4671-9065-424A0E710A98}.Release|Any CPU.ActiveCfg = Release|Any CPU
		{C29906AF-220F-4671-9065-424A0E710A98}.Release|Any CPU.Build.0 = Release|Any CPU
		{E348C7FF-FEA1-320D-C54C-83DB78CD72AE}.Debug|Any CPU.ActiveCfg = Debug|Any CPU
		{E348C7FF-FEA1-320D-C54C-83DB78CD72AE}.Debug|Any CPU.Build.0 = Debug|Any CPU
		{E348C7FF-FEA1-320D-C54C-83DB78CD72AE}.Release|Any CPU.ActiveCfg = Release|Any CPU
		{E348C7FF-FEA1-320D-C54C-83DB78CD72AE}.Release|Any CPU.Build.0 = Release|Any CPU
	EndGlobalSection
	GlobalSection(SolutionProperties) = preSolution
		HideSolutionNode = FALSE
	EndGlobalSection
	GlobalSection(NestedProjects) = preSolution
		{E7ECA2B6-BC35-61D1-EC47-8655F3F3741C} = {2FA3B954-E841-4C9A-9775-5D581887AD81}
		{456489C2-E34B-AC58-9F6B-3F60187C4A7C} = {2FA3B954-E841-4C9A-9775-5D581887AD81}
		{B325D85A-D3C2-1F03-4424-29C6420DE565} = {2FA3B954-E841-4C9A-9775-5D581887AD81}
		{91D41F4F-C774-13C2-C57A-C68194649836} = {2FA3B954-E841-4C9A-9775-5D581887AD81}
		{F58EF478-2727-0108-8F00-5709514722E2} = {2FA3B954-E841-4C9A-9775-5D581887AD81}
		{A374B7E9-A210-9651-A65D-221AF4713360} = {2FA3B954-E841-4C9A-9775-5D581887AD81}
		{E0553A1E-8DCC-1549-7C83-280857E9D874} = {2FA3B954-E841-4C9A-9775-5D581887AD81}
		{4601A1F7-8981-428C-BA1E-9766263E0E41} = {BAB9F658-2503-4FFB-9DE3-4A8D4F6E0DE5}
		{6D677FD7-EBF5-4C44-8DC5-E4990664ED8D} = {BAB9F658-2503-4FFB-9DE3-4A8D4F6E0DE5}
		{BB864A08-19A1-44BB-9273-E4B75C03CC99} = {BAB9F658-2503-4FFB-9DE3-4A8D4F6E0DE5}
		{44EE06D7-5D18-4318-AB4C-452DA54943F1} = {BAB9F658-2503-4FFB-9DE3-4A8D4F6E0DE5}
		{C29906AF-220F-4671-9065-424A0E710A98} = {BAB9F658-2503-4FFB-9DE3-4A8D4F6E0DE5}
		{E348C7FF-FEA1-320D-C54C-83DB78CD72AE} = {2FA3B954-E841-4C9A-9775-5D581887AD81}
	EndGlobalSection
	GlobalSection(ExtensibilityGlobals) = postSolution
		SolutionGuid = {AF5FDDBB-6B37-42C9-BBC9-8D520F7ECE85}
	EndGlobalSection
EndGlobal
