Microsoft Visual Studio Solution File, Format Version 12.00
# Visual Studio Version 17
VisualStudioVersion = 17.1.32319.34
MinimumVisualStudioVersion = 10.0.40219.1
Project("{2150E333-8FDC-42A3-9474-1A3956D46DE8}") = "Server", "Server", "{BAB9F658-2503-4FFB-9DE3-4A8D4F6E0DE5}"
EndProject
Project("{2150E333-8FDC-42A3-9474-1A3956D46DE8}") = "Unity", "Unity", "{2FA3B954-E841-4C9A-9775-5D581887AD81}"
EndProject
Project("{2150E333-8FDC-42A3-9474-1A3956D46DE8}") = "Toolkit", "Toolkit", "{1AECF59E-CC28-4B18-942F-3B95B58FD865}"
EndProject
Project("{9A19103F-16F7-4668-BE54-9A1E7A4F7556}") = "Server.Basic", "Server\Server.Basic\Server.Basic.csproj", "{3AF7FD36-BFDF-475D-A588-9817E7943C93}"
EndProject
Project("{9A19103F-16F7-4668-BE54-9A1E7A4F7556}") = "Server.Packages", "Server\Server.Packages\Server.Packages.csproj", "{8626471B-5B6D-4375-ACB9-7C2CC5DAFFD2}"
EndProject
Project("{9A19103F-16F7-4668-BE54-9A1E7A4F7556}") = "Server.Share.Core", "Server\Server.Share.Core\Server.Share.Core.csproj", "{6D677FD7-EBF5-4C44-8DC5-E4990664ED8D}"
EndProject
Project("{9A19103F-16F7-4668-BE54-9A1E7A4F7556}") = "Server.Share.Model", "Server\Server.Share.Model\Server.Share.Model.csproj", "{BB864A08-19A1-44BB-9273-E4B75C03CC99}"
EndProject
Project("{9A19103F-16F7-4668-BE54-9A1E7A4F7556}") = "Server.Workspace.Module", "Server\Server.Workspace.Module\Server.Workspace.Module.csproj", "{44EE06D7-5D18-4318-AB4C-452DA54943F1}"
EndProject
Project("{9A19103F-16F7-4668-BE54-9A1E7A4F7556}") = "Server.Workspace.View", "Server\Server.Workspace.View\Server.Workspace.View.csproj", "{853A6054-61E3-4CF0-A674-09022706DC19}"
EndProject
Project("{FAE04EC0-301F-11D3-BF4B-00C04F79EFBC}") = "Assembly-CSharp", "..\..\..\Assembly-CSharp.csproj", "{1D3689A9-8665-3E34-B6E6-1C0579603240}"
EndProject
Project("{FAE04EC0-301F-11D3-BF4B-00C04F79EFBC}") = "Unity.Basic.Editor", "..\..\..\Unity.Basic.Editor.csproj", "{3B7F7C35-F7DF-B784-EA56-A2438E405116}"
EndProject
Project("{FAE04EC0-301F-11D3-BF4B-00C04F79EFBC}") = "Unity.Basic.Runtime", "..\..\..\Unity.Basic.Runtime.csproj", "{54CB13B4-12BA-CC62-F4A4-8C880159863A}"
EndProject
Project("{FAE04EC0-301F-11D3-BF4B-00C04F79EFBC}") = "Unity.Share.Core", "..\..\..\Unity.Share.Core.csproj", "{CA07E4F8-568E-C2F0-14B6-36C46A4E0C05}"
EndProject
Project("{FAE04EC0-301F-11D3-BF4B-00C04F79EFBC}") = "Unity.Share.Model", "..\..\..\Unity.Share.Model.csproj", "{A93BABAA-E5E1-EB50-7944-E67BC80A0D51}"
EndProject
Project("{FAE04EC0-301F-11D3-BF4B-00C04F79EFBC}") = "Unity.Workspace.Module", "..\..\..\Unity.Workspace.Module.csproj", "{36AADEDA-0104-738C-DBD3-0B2904597522}"
EndProject
Project("{FAE04EC0-301F-11D3-BF4B-00C04F79EFBC}") = "Unity.Workspace.View", "..\..\..\Unity.Workspace.View.csproj", "{FA0139B4-6BA2-F3EF-EA00-93090D3FABB1}"
EndProject
Global
	GlobalSection(SolutionConfigurationPlatforms) = preSolution
		Debug|Any CPU = Debug|Any CPU
		Release|Any CPU = Release|Any CPU
	EndGlobalSection
	GlobalSection(ProjectConfigurationPlatforms) = postSolution
		{3AF7FD36-BFDF-475D-A588-9817E7943C93}.Debug|Any CPU.ActiveCfg = Debug|Any CPU
		{3AF7FD36-BFDF-475D-A588-9817E7943C93}.Debug|Any CPU.Build.0 = Debug|Any CPU
		{3AF7FD36-BFDF-475D-A588-9817E7943C93}.Release|Any CPU.ActiveCfg = Release|Any CPU
		{3AF7FD36-BFDF-475D-A588-9817E7943C93}.Release|Any CPU.Build.0 = Release|Any CPU
		{8626471B-5B6D-4375-ACB9-7C2CC5DAFFD2}.Debug|Any CPU.ActiveCfg = Debug|Any CPU
		{8626471B-5B6D-4375-ACB9-7C2CC5DAFFD2}.Debug|Any CPU.Build.0 = Debug|Any CPU
		{8626471B-5B6D-4375-ACB9-7C2CC5DAFFD2}.Release|Any CPU.ActiveCfg = Release|Any CPU
		{8626471B-5B6D-4375-ACB9-7C2CC5DAFFD2}.Release|Any CPU.Build.0 = Release|Any CPU
		{6D677FD7-EBF5-4C44-8DC5-E4990664ED8D}.Debug|Any CPU.ActiveCfg = Debug|Any CPU
		{6D677FD7-EBF5-4C44-8DC5-E4990664ED8D}.Debug|Any CPU.Build.0 = Debug|Any CPU
		{6D677FD7-EBF5-4C44-8DC5-E4990664ED8D}.Release|Any CPU.ActiveCfg = Release|Any CPU
		{6D677FD7-EBF5-4C44-8DC5-E4990664ED8D}.Release|Any CPU.Build.0 = Release|Any CPU
		{BB864A08-19A1-44BB-9273-E4B75C03CC99}.Debug|Any CPU.ActiveCfg = Debug|Any CPU
		{BB864A08-19A1-44BB-9273-E4B75C03CC99}.Debug|Any CPU.Build.0 = Debug|Any CPU
		{BB864A08-19A1-44BB-9273-E4B75C03CC99}.Release|Any CPU.ActiveCfg = Release|Any CPU
		{BB864A08-19A1-44BB-9273-E4B75C03CC99}.Release|Any CPU.Build.0 = Release|Any CPU
		{44EE06D7-5D18-4318-AB4C-452DA54943F1}.Debug|Any CPU.ActiveCfg = Debug|Any CPU
		{44EE06D7-5D18-4318-AB4C-452DA54943F1}.Debug|Any CPU.Build.0 = Debug|Any CPU
		{44EE06D7-5D18-4318-AB4C-452DA54943F1}.Release|Any CPU.ActiveCfg = Release|Any CPU
		{44EE06D7-5D18-4318-AB4C-452DA54943F1}.Release|Any CPU.Build.0 = Release|Any CPU
		{853A6054-61E3-4CF0-A674-09022706DC19}.Debug|Any CPU.ActiveCfg = Debug|Any CPU
		{853A6054-61E3-4CF0-A674-09022706DC19}.Debug|Any CPU.Build.0 = Debug|Any CPU
		{853A6054-61E3-4CF0-A674-09022706DC19}.Release|Any CPU.ActiveCfg = Release|Any CPU
		{853A6054-61E3-4CF0-A674-09022706DC19}.Release|Any CPU.Build.0 = Release|Any CPU
		{1D3689A9-8665-3E34-B6E6-1C0579603240}.Debug|Any CPU.ActiveCfg = Debug|Any CPU
		{1D3689A9-8665-3E34-B6E6-1C0579603240}.Debug|Any CPU.Build.0 = Debug|Any CPU
		{1D3689A9-8665-3E34-B6E6-1C0579603240}.Release|Any CPU.ActiveCfg = Release|Any CPU
		{1D3689A9-8665-3E34-B6E6-1C0579603240}.Release|Any CPU.Build.0 = Release|Any CPU
		{3B7F7C35-F7DF-B784-EA56-A2438E405116}.Debug|Any CPU.ActiveCfg = Debug|Any CPU
		{3B7F7C35-F7DF-B784-EA56-A2438E405116}.Debug|Any CPU.Build.0 = Debug|Any CPU
		{3B7F7C35-F7DF-B784-EA56-A2438E405116}.Release|Any CPU.ActiveCfg = Release|Any CPU
		{3B7F7C35-F7DF-B784-EA56-A2438E405116}.Release|Any CPU.Build.0 = Release|Any CPU
		{54CB13B4-12BA-CC62-F4A4-8C880159863A}.Debug|Any CPU.ActiveCfg = Debug|Any CPU
		{54CB13B4-12BA-CC62-F4A4-8C880159863A}.Debug|Any CPU.Build.0 = Debug|Any CPU
		{54CB13B4-12BA-CC62-F4A4-8C880159863A}.Release|Any CPU.ActiveCfg = Release|Any CPU
		{54CB13B4-12BA-CC62-F4A4-8C880159863A}.Release|Any CPU.Build.0 = Release|Any CPU
		{CA07E4F8-568E-C2F0-14B6-36C46A4E0C05}.Debug|Any CPU.ActiveCfg = Debug|Any CPU
		{CA07E4F8-568E-C2F0-14B6-36C46A4E0C05}.Debug|Any CPU.Build.0 = Debug|Any CPU
		{CA07E4F8-568E-C2F0-14B6-36C46A4E0C05}.Release|Any CPU.ActiveCfg = Release|Any CPU
		{CA07E4F8-568E-C2F0-14B6-36C46A4E0C05}.Release|Any CPU.Build.0 = Release|Any CPU
		{A93BABAA-E5E1-EB50-7944-E67BC80A0D51}.Debug|Any CPU.ActiveCfg = Debug|Any CPU
		{A93BABAA-E5E1-EB50-7944-E67BC80A0D51}.Debug|Any CPU.Build.0 = Debug|Any CPU
		{A93BABAA-E5E1-EB50-7944-E67BC80A0D51}.Release|Any CPU.ActiveCfg = Release|Any CPU
		{A93BABAA-E5E1-EB50-7944-E67BC80A0D51}.Release|Any CPU.Build.0 = Release|Any CPU
		{36AADEDA-0104-738C-DBD3-0B2904597522}.Debug|Any CPU.ActiveCfg = Debug|Any CPU
		{36AADEDA-0104-738C-DBD3-0B2904597522}.Debug|Any CPU.Build.0 = Debug|Any CPU
		{36AADEDA-0104-738C-DBD3-0B2904597522}.Release|Any CPU.ActiveCfg = Release|Any CPU
		{36AADEDA-0104-738C-DBD3-0B2904597522}.Release|Any CPU.Build.0 = Release|Any CPU
		{FA0139B4-6BA2-F3EF-EA00-93090D3FABB1}.Debug|Any CPU.ActiveCfg = Debug|Any CPU
		{FA0139B4-6BA2-F3EF-EA00-93090D3FABB1}.Debug|Any CPU.Build.0 = Debug|Any CPU
		{FA0139B4-6BA2-F3EF-EA00-93090D3FABB1}.Release|Any CPU.ActiveCfg = Release|Any CPU
		{FA0139B4-6BA2-F3EF-EA00-93090D3FABB1}.Release|Any CPU.Build.0 = Release|Any CPU
	EndGlobalSection
	GlobalSection(SolutionProperties) = preSolution
		HideSolutionNode = FALSE
	EndGlobalSection
	GlobalSection(NestedProjects) = preSolution
		{3AF7FD36-BFDF-475D-A588-9817E7943C93} = {BAB9F658-2503-4FFB-9DE3-4A8D4F6E0DE5}
		{8626471B-5B6D-4375-ACB9-7C2CC5DAFFD2} = {BAB9F658-2503-4FFB-9DE3-4A8D4F6E0DE5}
		{6D677FD7-EBF5-4C44-8DC5-E4990664ED8D} = {BAB9F658-2503-4FFB-9DE3-4A8D4F6E0DE5}
		{BB864A08-19A1-44BB-9273-E4B75C03CC99} = {BAB9F658-2503-4FFB-9DE3-4A8D4F6E0DE5}
		{44EE06D7-5D18-4318-AB4C-452DA54943F1} = {BAB9F658-2503-4FFB-9DE3-4A8D4F6E0DE5}
		{853A6054-61E3-4CF0-A674-09022706DC19} = {BAB9F658-2503-4FFB-9DE3-4A8D4F6E0DE5}
		{1D3689A9-8665-3E34-B6E6-1C0579603240} = {2FA3B954-E841-4C9A-9775-5D581887AD81}
		{3B7F7C35-F7DF-B784-EA56-A2438E405116} = {2FA3B954-E841-4C9A-9775-5D581887AD81}
		{54CB13B4-12BA-CC62-F4A4-8C880159863A} = {2FA3B954-E841-4C9A-9775-5D581887AD81}
		{CA07E4F8-568E-C2F0-14B6-36C46A4E0C05} = {2FA3B954-E841-4C9A-9775-5D581887AD81}
		{A93BABAA-E5E1-EB50-7944-E67BC80A0D51} = {2FA3B954-E841-4C9A-9775-5D581887AD81}
		{36AADEDA-0104-738C-DBD3-0B2904597522} = {2FA3B954-E841-4C9A-9775-5D581887AD81}
		{FA0139B4-6BA2-F3EF-EA00-93090D3FABB1} = {2FA3B954-E841-4C9A-9775-5D581887AD81}
	EndGlobalSection
	GlobalSection(ExtensibilityGlobals) = postSolution
		SolutionGuid = {AF5FDDBB-6B37-42C9-BBC9-8D520F7ECE85}
	EndGlobalSection
EndGlobal
