
Microsoft Visual Studio Solution File, Format Version 12.00
# Visual Studio Version 17
VisualStudioVersion = 17.1.32319.34
MinimumVisualStudioVersion = 10.0.40219.1
Project("{2150E333-8FDC-42A3-9474-1A3956D46DE8}") = "Unity", "Unity", "{2FA3B954-E841-4C9A-9775-5D581887AD81}"
EndProject
Project("{2150E333-8FDC-42A3-9474-1A3956D46DE8}") = "Server", "Server", "{BAB9F658-2503-4FFB-9DE3-4A8D4F6E0DE5}"
EndProject
Project("{FAE04EC0-301F-11D3-BF4B-00C04F79EFBC}") = "Unity.Editor", "..\..\..\Unity.Editor.csproj", "{9C5570A3-5405-2D6D-6472-9008E14AD108}"
EndProject
Project("{FAE04EC0-301F-11D3-BF4B-00C04F79EFBC}") = "Unity.Core", "..\..\..\Unity.Core.csproj", "{3519199E-A326-54F5-295B-E5F183267BF5}"
EndProject
Project("{FAE04EC0-301F-11D3-BF4B-00C04F79EFBC}") = "Unity.Boot", "..\..\..\Unity.Boot.csproj", "{5A5CB741-6371-857C-2ECE-EA45EBE053CB}"
EndProject
Project("{FAE04EC0-301F-11D3-BF4B-00C04F79EFBC}") = "Unity.Hotfix.Data", "..\..\..\Unity.Hotfix.Data.csproj", "{4F0DD070-1BC4-C0A8-48B9-99301F6AE3BF}"
EndProject
Project("{FAE04EC0-301F-11D3-BF4B-00C04F79EFBC}") = "Unity.Package.Runtime", "..\..\..\Unity.Package.Runtime.csproj", "{5C152698-E22E-6D64-59BB-2C1FF7252795}"
EndProject
Project("{FAE04EC0-301F-11D3-BF4B-00C04F79EFBC}") = "Unity.Package.Editor", "..\..\..\Unity.Package.Editor.csproj", "{DF2BA56F-580A-042E-0375-794757644F4D}"
EndProject
Project("{FAE04EC0-301F-11D3-BF4B-00C04F79EFBC}") = "Unity.Mono", "..\..\..\Unity.Mono.csproj", "{CFCDDE95-894E-0E2C-FEF3-DA0AFFF089C6}"
EndProject
Project("{FAE04EC0-301F-11D3-BF4B-00C04F79EFBC}") = "Unity.Hotfix.View", "..\..\..\Unity.Hotfix.View.csproj", "{3F753A44-E296-B4D0-3DD3-6D394C67C42A}"
EndProject
Project("{FAE04EC0-301F-11D3-BF4B-00C04F79EFBC}") = "Unity.Hotfix.Func", "..\..\..\Unity.Hotfix.Func.csproj", "{EDC5ED0C-7836-C8ED-0934-F79B85B76DC8}"
EndProject
Project("{9A19103F-16F7-4668-BE54-9A1E7A4F7556}") = "Server.Boot", "Boot\Server.Boot.csproj", "{4601A1F7-8981-428C-BA1E-9766263E0E41}"
	ProjectSection(ProjectDependencies) = postProject
		{6D677FD7-EBF5-4C44-8DC5-E4990664ED8D} = {6D677FD7-EBF5-4C44-8DC5-E4990664ED8D}
		{BB864A08-19A1-44BB-9273-E4B75C03CC99} = {BB864A08-19A1-44BB-9273-E4B75C03CC99}
	EndProjectSection
EndProject
Project("{9A19103F-16F7-4668-BE54-9A1E7A4F7556}") = "Server.Core", "Core\Server.Core.csproj", "{6D677FD7-EBF5-4C44-8DC5-E4990664ED8D}"
	ProjectSection(ProjectDependencies) = postProject
		{2D6920D8-64C2-4AC3-9EE4-5332D0C0E0FC} = {2D6920D8-64C2-4AC3-9EE4-5332D0C0E0FC}
	EndProjectSection
EndProject
Project("{9A19103F-16F7-4668-BE54-9A1E7A4F7556}") = "Server.Data", "Data\Server.Data.csproj", "{BB864A08-19A1-44BB-9273-E4B75C03CC99}"
	ProjectSection(ProjectDependencies) = postProject
		{2D6920D8-64C2-4AC3-9EE4-5332D0C0E0FC} = {2D6920D8-64C2-4AC3-9EE4-5332D0C0E0FC}
		{6D677FD7-EBF5-4C44-8DC5-E4990664ED8D} = {6D677FD7-EBF5-4C44-8DC5-E4990664ED8D}
	EndProjectSection
EndProject
Project("{9A19103F-16F7-4668-BE54-9A1E7A4F7556}") = "Server.Func", "Func\Server.Func.csproj", "{44EE06D7-5D18-4318-AB4C-452DA54943F1}"
	ProjectSection(ProjectDependencies) = postProject
		{2D6920D8-64C2-4AC3-9EE4-5332D0C0E0FC} = {2D6920D8-64C2-4AC3-9EE4-5332D0C0E0FC}
		{6D677FD7-EBF5-4C44-8DC5-E4990664ED8D} = {6D677FD7-EBF5-4C44-8DC5-E4990664ED8D}
		{BB864A08-19A1-44BB-9273-E4B75C03CC99} = {BB864A08-19A1-44BB-9273-E4B75C03CC99}
	EndProjectSection
EndProject
Project("{9A19103F-16F7-4668-BE54-9A1E7A4F7556}") = "Server.Package", "Package\Server.Package.csproj", "{2D6920D8-64C2-4AC3-9EE4-5332D0C0E0FC}"
EndProject
Global
	GlobalSection(SolutionConfigurationPlatforms) = preSolution
		Debug|Any CPU = Debug|Any CPU
		Release|Any CPU = Release|Any CPU
	EndGlobalSection
	GlobalSection(ProjectConfigurationPlatforms) = postSolution
		{9C5570A3-5405-2D6D-6472-9008E14AD108}.Debug|Any CPU.ActiveCfg = Debug|Any CPU
		{9C5570A3-5405-2D6D-6472-9008E14AD108}.Debug|Any CPU.Build.0 = Debug|Any CPU
		{9C5570A3-5405-2D6D-6472-9008E14AD108}.Release|Any CPU.ActiveCfg = Release|Any CPU
		{9C5570A3-5405-2D6D-6472-9008E14AD108}.Release|Any CPU.Build.0 = Release|Any CPU
		{3519199E-A326-54F5-295B-E5F183267BF5}.Debug|Any CPU.ActiveCfg = Debug|Any CPU
		{3519199E-A326-54F5-295B-E5F183267BF5}.Debug|Any CPU.Build.0 = Debug|Any CPU
		{3519199E-A326-54F5-295B-E5F183267BF5}.Release|Any CPU.ActiveCfg = Release|Any CPU
		{3519199E-A326-54F5-295B-E5F183267BF5}.Release|Any CPU.Build.0 = Release|Any CPU
		{5A5CB741-6371-857C-2ECE-EA45EBE053CB}.Debug|Any CPU.ActiveCfg = Debug|Any CPU
		{5A5CB741-6371-857C-2ECE-EA45EBE053CB}.Debug|Any CPU.Build.0 = Debug|Any CPU
		{5A5CB741-6371-857C-2ECE-EA45EBE053CB}.Release|Any CPU.ActiveCfg = Release|Any CPU
		{5A5CB741-6371-857C-2ECE-EA45EBE053CB}.Release|Any CPU.Build.0 = Release|Any CPU
		{4F0DD070-1BC4-C0A8-48B9-99301F6AE3BF}.Debug|Any CPU.ActiveCfg = Debug|Any CPU
		{4F0DD070-1BC4-C0A8-48B9-99301F6AE3BF}.Debug|Any CPU.Build.0 = Debug|Any CPU
		{4F0DD070-1BC4-C0A8-48B9-99301F6AE3BF}.Release|Any CPU.ActiveCfg = Release|Any CPU
		{4F0DD070-1BC4-C0A8-48B9-99301F6AE3BF}.Release|Any CPU.Build.0 = Release|Any CPU
		{5C152698-E22E-6D64-59BB-2C1FF7252795}.Debug|Any CPU.ActiveCfg = Debug|Any CPU
		{5C152698-E22E-6D64-59BB-2C1FF7252795}.Debug|Any CPU.Build.0 = Debug|Any CPU
		{5C152698-E22E-6D64-59BB-2C1FF7252795}.Release|Any CPU.ActiveCfg = Release|Any CPU
		{5C152698-E22E-6D64-59BB-2C1FF7252795}.Release|Any CPU.Build.0 = Release|Any CPU
		{DF2BA56F-580A-042E-0375-794757644F4D}.Debug|Any CPU.ActiveCfg = Debug|Any CPU
		{DF2BA56F-580A-042E-0375-794757644F4D}.Debug|Any CPU.Build.0 = Debug|Any CPU
		{DF2BA56F-580A-042E-0375-794757644F4D}.Release|Any CPU.ActiveCfg = Release|Any CPU
		{DF2BA56F-580A-042E-0375-794757644F4D}.Release|Any CPU.Build.0 = Release|Any CPU
		{CFCDDE95-894E-0E2C-FEF3-DA0AFFF089C6}.Debug|Any CPU.ActiveCfg = Debug|Any CPU
		{CFCDDE95-894E-0E2C-FEF3-DA0AFFF089C6}.Debug|Any CPU.Build.0 = Debug|Any CPU
		{CFCDDE95-894E-0E2C-FEF3-DA0AFFF089C6}.Release|Any CPU.ActiveCfg = Release|Any CPU
		{CFCDDE95-894E-0E2C-FEF3-DA0AFFF089C6}.Release|Any CPU.Build.0 = Release|Any CPU
		{3F753A44-E296-B4D0-3DD3-6D394C67C42A}.Debug|Any CPU.ActiveCfg = Debug|Any CPU
		{3F753A44-E296-B4D0-3DD3-6D394C67C42A}.Debug|Any CPU.Build.0 = Debug|Any CPU
		{3F753A44-E296-B4D0-3DD3-6D394C67C42A}.Release|Any CPU.ActiveCfg = Release|Any CPU
		{3F753A44-E296-B4D0-3DD3-6D394C67C42A}.Release|Any CPU.Build.0 = Release|Any CPU
		{EDC5ED0C-7836-C8ED-0934-F79B85B76DC8}.Debug|Any CPU.ActiveCfg = Debug|Any CPU
		{EDC5ED0C-7836-C8ED-0934-F79B85B76DC8}.Debug|Any CPU.Build.0 = Debug|Any CPU
		{EDC5ED0C-7836-C8ED-0934-F79B85B76DC8}.Release|Any CPU.ActiveCfg = Release|Any CPU
		{EDC5ED0C-7836-C8ED-0934-F79B85B76DC8}.Release|Any CPU.Build.0 = Release|Any CPU
		{4601A1F7-8981-428C-BA1E-9766263E0E41}.Debug|Any CPU.ActiveCfg = Debug|Any CPU
		{4601A1F7-8981-428C-BA1E-9766263E0E41}.Debug|Any CPU.Build.0 = Debug|Any CPU
		{4601A1F7-8981-428C-BA1E-9766263E0E41}.Release|Any CPU.ActiveCfg = Release|Any CPU
		{4601A1F7-8981-428C-BA1E-9766263E0E41}.Release|Any CPU.Build.0 = Release|Any CPU
		{6D677FD7-EBF5-4C44-8DC5-E4990664ED8D}.Debug|Any CPU.ActiveCfg = Debug|Any CPU
		{6D677FD7-EBF5-4C44-8DC5-E4990664ED8D}.Debug|Any CPU.Build.0 = Debug|Any CPU
		{6D677FD7-EBF5-4C44-8DC5-E4990664ED8D}.Release|Any CPU.ActiveCfg = Release|Any CPU
		{6D677FD7-EBF5-4C44-8DC5-E4990664ED8D}.Release|Any CPU.Build.0 = Release|Any CPU
		{BB864A08-19A1-44BB-9273-E4B75C03CC99}.Debug|Any CPU.ActiveCfg = Debug|Any CPU
		{BB864A08-19A1-44BB-9273-E4B75C03CC99}.Debug|Any CPU.Build.0 = Debug|Any CPU
		{BB864A08-19A1-44BB-9273-E4B75C03CC99}.Release|Any CPU.ActiveCfg = Release|Any CPU
		{BB864A08-19A1-44BB-9273-E4B75C03CC99}.Release|Any CPU.Build.0 = Release|Any CPU
		{44EE06D7-5D18-4318-AB4C-452DA54943F1}.Debug|Any CPU.ActiveCfg = Debug|Any CPU
		{44EE06D7-5D18-4318-AB4C-452DA54943F1}.Debug|Any CPU.Build.0 = Debug|Any CPU
		{44EE06D7-5D18-4318-AB4C-452DA54943F1}.Release|Any CPU.ActiveCfg = Release|Any CPU
		{44EE06D7-5D18-4318-AB4C-452DA54943F1}.Release|Any CPU.Build.0 = Release|Any CPU
		{2D6920D8-64C2-4AC3-9EE4-5332D0C0E0FC}.Debug|Any CPU.ActiveCfg = Debug|Any CPU
		{2D6920D8-64C2-4AC3-9EE4-5332D0C0E0FC}.Debug|Any CPU.Build.0 = Debug|Any CPU
		{2D6920D8-64C2-4AC3-9EE4-5332D0C0E0FC}.Release|Any CPU.ActiveCfg = Release|Any CPU
		{2D6920D8-64C2-4AC3-9EE4-5332D0C0E0FC}.Release|Any CPU.Build.0 = Release|Any CPU
	EndGlobalSection
	GlobalSection(SolutionProperties) = preSolution
		HideSolutionNode = FALSE
	EndGlobalSection
	GlobalSection(NestedProjects) = preSolution
		{9C5570A3-5405-2D6D-6472-9008E14AD108} = {2FA3B954-E841-4C9A-9775-5D581887AD81}
		{3519199E-A326-54F5-295B-E5F183267BF5} = {2FA3B954-E841-4C9A-9775-5D581887AD81}
		{5A5CB741-6371-857C-2ECE-EA45EBE053CB} = {2FA3B954-E841-4C9A-9775-5D581887AD81}
		{4F0DD070-1BC4-C0A8-48B9-99301F6AE3BF} = {2FA3B954-E841-4C9A-9775-5D581887AD81}
		{5C152698-E22E-6D64-59BB-2C1FF7252795} = {2FA3B954-E841-4C9A-9775-5D581887AD81}
		{DF2BA56F-580A-042E-0375-794757644F4D} = {2FA3B954-E841-4C9A-9775-5D581887AD81}
		{CFCDDE95-894E-0E2C-FEF3-DA0AFFF089C6} = {2FA3B954-E841-4C9A-9775-5D581887AD81}
		{3F753A44-E296-B4D0-3DD3-6D394C67C42A} = {2FA3B954-E841-4C9A-9775-5D581887AD81}
		{EDC5ED0C-7836-C8ED-0934-F79B85B76DC8} = {2FA3B954-E841-4C9A-9775-5D581887AD81}
		{4601A1F7-8981-428C-BA1E-9766263E0E41} = {BAB9F658-2503-4FFB-9DE3-4A8D4F6E0DE5}
		{6D677FD7-EBF5-4C44-8DC5-E4990664ED8D} = {BAB9F658-2503-4FFB-9DE3-4A8D4F6E0DE5}
		{BB864A08-19A1-44BB-9273-E4B75C03CC99} = {BAB9F658-2503-4FFB-9DE3-4A8D4F6E0DE5}
		{44EE06D7-5D18-4318-AB4C-452DA54943F1} = {BAB9F658-2503-4FFB-9DE3-4A8D4F6E0DE5}
		{2D6920D8-64C2-4AC3-9EE4-5332D0C0E0FC} = {BAB9F658-2503-4FFB-9DE3-4A8D4F6E0DE5}
	EndGlobalSection
	GlobalSection(ExtensibilityGlobals) = postSolution
		SolutionGuid = {AF5FDDBB-6B37-42C9-BBC9-8D520F7ECE85}
	EndGlobalSection
EndGlobal
