
Microsoft Visual Studio Solution File, Format Version 12.00
# Visual Studio Version 17
VisualStudioVersion = 17.1.32319.34
MinimumVisualStudioVersion = 10.0.40219.1
Project("{2150E333-8FDC-42A3-9474-1A3956D46DE8}") = "Server", "Server", "{BAB9F658-2503-4FFB-9DE3-4A8D4F6E0DE5}"
EndProject
Project("{2150E333-8FDC-42A3-9474-1A3956D46DE8}") = "Unity", "Unity", "{2FA3B954-E841-4C9A-9775-5D581887AD81}"
EndProject
Project("{2150E333-8FDC-42A3-9474-1A3956D46DE8}") = "Tools", "Tools", "{1AECF59E-CC28-4B18-942F-3B95B58FD865}"
EndProject
Project("{FAE04EC0-301F-11D3-BF4B-00C04F79EFBC}") = "Unity.Boot", "..\..\..\Unity.Boot.csproj", "{40C92C62-2B8C-4412-91A8-5146FBE6CDB4}"
EndProject
Project("{FAE04EC0-301F-11D3-BF4B-00C04F79EFBC}") = "Unity.Hotfix.Core", "..\..\..\Unity.Hotfix.Core.csproj", "{42C30F49-33DF-1090-A97C-6AB49275D14C}"
EndProject
Project("{FAE04EC0-301F-11D3-BF4B-00C04F79EFBC}") = "Unity.Hotfix.Data", "..\..\..\Unity.Hotfix.Data.csproj", "{5B568600-4BF8-0A84-02D3-8950C9006BD1}"
EndProject
Project("{FAE04EC0-301F-11D3-BF4B-00C04F79EFBC}") = "Unity.Hotfix.Func", "..\..\..\Unity.Hotfix.Func.csproj", "{F13CA5F8-3C86-0A55-0695-8BF008C407A7}"
EndProject
Project("{FAE04EC0-301F-11D3-BF4B-00C04F79EFBC}") = "Unity.Hotfix.View", "..\..\..\Unity.Hotfix.View.csproj", "{43BB85E2-7201-12ED-DBE3-F803EE71E5A5}"
EndProject
Project("{FAE04EC0-301F-11D3-BF4B-00C04F79EFBC}") = "Unity.Package.Runtime", "..\..\..\Unity.Package.Runtime.csproj", "{6746C782-4001-53BB-9489-DE2DD12A98F1}"
EndProject
Project("{FAE04EC0-301F-11D3-BF4B-00C04F79EFBC}") = "Unity.Package.Editor", "..\..\..\Unity.Package.Editor.csproj", "{D0B65842-0FA0-A4DC-2972-7FA299753A06}"
EndProject
Project("{9A19103F-16F7-4668-BE54-9A1E7A4F7556}") = "Server.Boot", "Boot\Server.Boot.csproj", "{4601A1F7-8981-428C-BA1E-9766263E0E41}"
	ProjectSection(ProjectDependencies) = postProject
		{6D677FD7-EBF5-4C44-8DC5-E4990664ED8D} = {6D677FD7-EBF5-4C44-8DC5-E4990664ED8D}
	EndProjectSection
EndProject
Project("{9A19103F-16F7-4668-BE54-9A1E7A4F7556}") = "Server.Core", "Core\Server.Core.csproj", "{6D677FD7-EBF5-4C44-8DC5-E4990664ED8D}"
EndProject
Project("{9A19103F-16F7-4668-BE54-9A1E7A4F7556}") = "Server.Data", "Data\Server.Data.csproj", "{BB864A08-19A1-44BB-9273-E4B75C03CC99}"
	ProjectSection(ProjectDependencies) = postProject
		{6D677FD7-EBF5-4C44-8DC5-E4990664ED8D} = {6D677FD7-EBF5-4C44-8DC5-E4990664ED8D}
	EndProjectSection
EndProject
Project("{9A19103F-16F7-4668-BE54-9A1E7A4F7556}") = "Server.Func", "Func\Server.Func.csproj", "{44EE06D7-5D18-4318-AB4C-452DA54943F1}"
	ProjectSection(ProjectDependencies) = postProject
		{6D677FD7-EBF5-4C44-8DC5-E4990664ED8D} = {6D677FD7-EBF5-4C44-8DC5-E4990664ED8D}
		{BB864A08-19A1-44BB-9273-E4B75C03CC99} = {BB864A08-19A1-44BB-9273-E4B75C03CC99}
	EndProjectSection
EndProject
Project("{9A19103F-16F7-4668-BE54-9A1E7A4F7556}") = "Server.Packages", "Packages\Server.Packages.csproj", "{C29906AF-220F-4671-9065-424A0E710A98}"
EndProject
Project("{FAE04EC0-301F-11D3-BF4B-00C04F79EFBC}") = "Assembly-CSharp", "..\..\..\Assembly-CSharp.csproj", "{D84ABCF2-510F-609B-A107-F830533EF12F}"
EndProject
Global
	GlobalSection(SolutionConfigurationPlatforms) = preSolution
		Debug|Any CPU = Debug|Any CPU
		Release|Any CPU = Release|Any CPU
	EndGlobalSection
	GlobalSection(ProjectConfigurationPlatforms) = postSolution
		{40C92C62-2B8C-4412-91A8-5146FBE6CDB4}.Debug|Any CPU.ActiveCfg = Debug|Any CPU
		{40C92C62-2B8C-4412-91A8-5146FBE6CDB4}.Debug|Any CPU.Build.0 = Debug|Any CPU
		{40C92C62-2B8C-4412-91A8-5146FBE6CDB4}.Release|Any CPU.ActiveCfg = Release|Any CPU
		{40C92C62-2B8C-4412-91A8-5146FBE6CDB4}.Release|Any CPU.Build.0 = Release|Any CPU
		{42C30F49-33DF-1090-A97C-6AB49275D14C}.Debug|Any CPU.ActiveCfg = Debug|Any CPU
		{42C30F49-33DF-1090-A97C-6AB49275D14C}.Debug|Any CPU.Build.0 = Debug|Any CPU
		{42C30F49-33DF-1090-A97C-6AB49275D14C}.Release|Any CPU.ActiveCfg = Release|Any CPU
		{42C30F49-33DF-1090-A97C-6AB49275D14C}.Release|Any CPU.Build.0 = Release|Any CPU
		{5B568600-4BF8-0A84-02D3-8950C9006BD1}.Debug|Any CPU.ActiveCfg = Debug|Any CPU
		{5B568600-4BF8-0A84-02D3-8950C9006BD1}.Debug|Any CPU.Build.0 = Debug|Any CPU
		{5B568600-4BF8-0A84-02D3-8950C9006BD1}.Release|Any CPU.ActiveCfg = Release|Any CPU
		{5B568600-4BF8-0A84-02D3-8950C9006BD1}.Release|Any CPU.Build.0 = Release|Any CPU
		{F13CA5F8-3C86-0A55-0695-8BF008C407A7}.Debug|Any CPU.ActiveCfg = Debug|Any CPU
		{F13CA5F8-3C86-0A55-0695-8BF008C407A7}.Debug|Any CPU.Build.0 = Debug|Any CPU
		{F13CA5F8-3C86-0A55-0695-8BF008C407A7}.Release|Any CPU.ActiveCfg = Release|Any CPU
		{F13CA5F8-3C86-0A55-0695-8BF008C407A7}.Release|Any CPU.Build.0 = Release|Any CPU
		{43BB85E2-7201-12ED-DBE3-F803EE71E5A5}.Debug|Any CPU.ActiveCfg = Debug|Any CPU
		{43BB85E2-7201-12ED-DBE3-F803EE71E5A5}.Debug|Any CPU.Build.0 = Debug|Any CPU
		{43BB85E2-7201-12ED-DBE3-F803EE71E5A5}.Release|Any CPU.ActiveCfg = Release|Any CPU
		{43BB85E2-7201-12ED-DBE3-F803EE71E5A5}.Release|Any CPU.Build.0 = Release|Any CPU
		{6746C782-4001-53BB-9489-DE2DD12A98F1}.Debug|Any CPU.ActiveCfg = Debug|Any CPU
		{6746C782-4001-53BB-9489-DE2DD12A98F1}.Debug|Any CPU.Build.0 = Debug|Any CPU
		{6746C782-4001-53BB-9489-DE2DD12A98F1}.Release|Any CPU.ActiveCfg = Release|Any CPU
		{6746C782-4001-53BB-9489-DE2DD12A98F1}.Release|Any CPU.Build.0 = Release|Any CPU
		{D0B65842-0FA0-A4DC-2972-7FA299753A06}.Debug|Any CPU.ActiveCfg = Debug|Any CPU
		{D0B65842-0FA0-A4DC-2972-7FA299753A06}.Debug|Any CPU.Build.0 = Debug|Any CPU
		{D0B65842-0FA0-A4DC-2972-7FA299753A06}.Release|Any CPU.ActiveCfg = Release|Any CPU
		{D0B65842-0FA0-A4DC-2972-7FA299753A06}.Release|Any CPU.Build.0 = Release|Any CPU
		{4601A1F7-8981-428C-BA1E-9766263E0E41}.Debug|Any CPU.ActiveCfg = Debug|Any CPU
		{4601A1F7-8981-428C-BA1E-9766263E0E41}.Debug|Any CPU.Build.0 = Debug|Any CPU
		{4601A1F7-8981-428C-BA1E-9766263E0E41}.Release|Any CPU.ActiveCfg = Release|Any CPU
		{4601A1F7-8981-428C-BA1E-9766263E0E41}.Release|Any CPU.Build.0 = Release|Any CPU
		{6D677FD7-EBF5-4C44-8DC5-E4990664ED8D}.Debug|Any CPU.ActiveCfg = Debug|Any CPU
		{6D677FD7-EBF5-4C44-8DC5-E4990664ED8D}.Debug|Any CPU.Build.0 = Debug|Any CPU
		{6D677FD7-EBF5-4C44-8DC5-E4990664ED8D}.Release|Any CPU.ActiveCfg = Release|Any CPU
		{6D677FD7-EBF5-4C44-8DC5-E4990664ED8D}.Release|Any CPU.Build.0 = Release|Any CPU
		{BB864A08-19A1-44BB-9273-E4B75C03CC99}.Debug|Any CPU.ActiveCfg = Debug|Any CPU
		{BB864A08-19A1-44BB-9273-E4B75C03CC99}.Debug|Any CPU.Build.0 = Debug|Any CPU
		{BB864A08-19A1-44BB-9273-E4B75C03CC99}.Release|Any CPU.ActiveCfg = Release|Any CPU
		{BB864A08-19A1-44BB-9273-E4B75C03CC99}.Release|Any CPU.Build.0 = Release|Any CPU
		{44EE06D7-5D18-4318-AB4C-452DA54943F1}.Debug|Any CPU.ActiveCfg = Debug|Any CPU
		{44EE06D7-5D18-4318-AB4C-452DA54943F1}.Debug|Any CPU.Build.0 = Debug|Any CPU
		{44EE06D7-5D18-4318-AB4C-452DA54943F1}.Release|Any CPU.ActiveCfg = Release|Any CPU
		{44EE06D7-5D18-4318-AB4C-452DA54943F1}.Release|Any CPU.Build.0 = Release|Any CPU
		{C29906AF-220F-4671-9065-424A0E710A98}.Debug|Any CPU.ActiveCfg = Debug|Any CPU
		{C29906AF-220F-4671-9065-424A0E710A98}.Debug|Any CPU.Build.0 = Debug|Any CPU
		{C29906AF-220F-4671-9065-424A0E710A98}.Release|Any CPU.ActiveCfg = Release|Any CPU
		{C29906AF-220F-4671-9065-424A0E710A98}.Release|Any CPU.Build.0 = Release|Any CPU
		{D84ABCF2-510F-609B-A107-F830533EF12F}.Debug|Any CPU.ActiveCfg = Debug|Any CPU
		{D84ABCF2-510F-609B-A107-F830533EF12F}.Debug|Any CPU.Build.0 = Debug|Any CPU
		{D84ABCF2-510F-609B-A107-F830533EF12F}.Release|Any CPU.ActiveCfg = Release|Any CPU
		{D84ABCF2-510F-609B-A107-F830533EF12F}.Release|Any CPU.Build.0 = Release|Any CPU
	EndGlobalSection
	GlobalSection(SolutionProperties) = preSolution
		HideSolutionNode = FALSE
	EndGlobalSection
	GlobalSection(NestedProjects) = preSolution
		{40C92C62-2B8C-4412-91A8-5146FBE6CDB4} = {2FA3B954-E841-4C9A-9775-5D581887AD81}
		{42C30F49-33DF-1090-A97C-6AB49275D14C} = {2FA3B954-E841-4C9A-9775-5D581887AD81}
		{5B568600-4BF8-0A84-02D3-8950C9006BD1} = {2FA3B954-E841-4C9A-9775-5D581887AD81}
		{F13CA5F8-3C86-0A55-0695-8BF008C407A7} = {2FA3B954-E841-4C9A-9775-5D581887AD81}
		{43BB85E2-7201-12ED-DBE3-F803EE71E5A5} = {2FA3B954-E841-4C9A-9775-5D581887AD81}
		{6746C782-4001-53BB-9489-DE2DD12A98F1} = {2FA3B954-E841-4C9A-9775-5D581887AD81}
		{D0B65842-0FA0-A4DC-2972-7FA299753A06} = {2FA3B954-E841-4C9A-9775-5D581887AD81}
		{4601A1F7-8981-428C-BA1E-9766263E0E41} = {BAB9F658-2503-4FFB-9DE3-4A8D4F6E0DE5}
		{6D677FD7-EBF5-4C44-8DC5-E4990664ED8D} = {BAB9F658-2503-4FFB-9DE3-4A8D4F6E0DE5}
		{BB864A08-19A1-44BB-9273-E4B75C03CC99} = {BAB9F658-2503-4FFB-9DE3-4A8D4F6E0DE5}
		{44EE06D7-5D18-4318-AB4C-452DA54943F1} = {BAB9F658-2503-4FFB-9DE3-4A8D4F6E0DE5}
		{C29906AF-220F-4671-9065-424A0E710A98} = {BAB9F658-2503-4FFB-9DE3-4A8D4F6E0DE5}
		{D84ABCF2-510F-609B-A107-F830533EF12F} = {2FA3B954-E841-4C9A-9775-5D581887AD81}
	EndGlobalSection
	GlobalSection(ExtensibilityGlobals) = postSolution
		SolutionGuid = {AF5FDDBB-6B37-42C9-BBC9-8D520F7ECE85}
	EndGlobalSection
EndGlobal
